// !$*UTF8*$!
{
	archiveVersion = 1;
	classes = {
	};
	objectVersion = 52;
	objects = {

/* Begin PBXBuildFile section */
		125BC1D125E2BB62008CA0CD /* AppDelegate.swift in Sources */ = {isa = PBXBuildFile; fileRef = 125BC1D025E2BB62008CA0CD /* AppDelegate.swift */; };
		125BC1D325E2BB62008CA0CD /* SceneDelegate.swift in Sources */ = {isa = PBXBuildFile; fileRef = 125BC1D225E2BB62008CA0CD /* SceneDelegate.swift */; };
		125BC1D525E2BB62008CA0CD /* ContentView.swift in Sources */ = {isa = PBXBuildFile; fileRef = 125BC1D425E2BB62008CA0CD /* ContentView.swift */; };
		125BC1D725E2BB68008CA0CD /* Assets.xcassets in Resources */ = {isa = PBXBuildFile; fileRef = 125BC1D625E2BB68008CA0CD /* Assets.xcassets */; };
		125BC1DA25E2BB68008CA0CD /* Preview Assets.xcassets in Resources */ = {isa = PBXBuildFile; fileRef = 125BC1D925E2BB68008CA0CD /* Preview Assets.xcassets */; };
		125BC1DD25E2BB68008CA0CD /* LaunchScreen.storyboard in Resources */ = {isa = PBXBuildFile; fileRef = 125BC1DB25E2BB68008CA0CD /* LaunchScreen.storyboard */; };
		125BC1E625E7E7D5008CA0CD /* SamplePackage in Frameworks */ = {isa = PBXBuildFile; productRef = 125BC1E525E7E7D5008CA0CD /* SamplePackage */; };
/* End PBXBuildFile section */

/* Begin PBXFileReference section */
		125BC1CD25E2BB62008CA0CD /* HotProspects.app */ = {isa = PBXFileReference; explicitFileType = wrapper.application; includeInIndex = 0; path = HotProspects.app; sourceTree = BUILT_PRODUCTS_DIR; };
		125BC1D025E2BB62008CA0CD /* AppDelegate.swift */ = {isa = PBXFileReference; lastKnownFileType = sourcecode.swift; path = AppDelegate.swift; sourceTree = "<group>"; };
		125BC1D225E2BB62008CA0CD /* SceneDelegate.swift */ = {isa = PBXFileReference; lastKnownFileType = sourcecode.swift; path = SceneDelegate.swift; sourceTree = "<group>"; };
		125BC1D425E2BB62008CA0CD /* ContentView.swift */ = {isa = PBXFileReference; lastKnownFileType = sourcecode.swift; path = ContentView.swift; sourceTree = "<group>"; };
		125BC1D625E2BB68008CA0CD /* Assets.xcassets */ = {isa = PBXFileReference; lastKnownFileType = folder.assetcatalog; path = Assets.xcassets; sourceTree = "<group>"; };
		125BC1D925E2BB68008CA0CD /* Preview Assets.xcassets */ = {isa = PBXFileReference; lastKnownFileType = folder.assetcatalog; path = "Preview Assets.xcassets"; sourceTree = "<group>"; };
		125BC1DC25E2BB68008CA0CD /* Base */ = {isa = PBXFileReference; lastKnownFileType = file.storyboard; name = Base; path = Base.lproj/LaunchScreen.storyboard; sourceTree = "<group>"; };
		125BC1DE25E2BB68008CA0CD /* Info.plist */ = {isa = PBXFileReference; lastKnownFileType = text.plist.xml; path = Info.plist; sourceTree = "<group>"; };
/* End PBXFileReference section */

/* Begin PBXFrameworksBuildPhase section */
		125BC1CA25E2BB62008CA0CD /* Frameworks */ = {
			isa = PBXFrameworksBuildPhase;
			buildActionMask = 2147483647;
			files = (
				125BC1E625E7E7D5008CA0CD /* SamplePackage in Frameworks */,
			);
			runOnlyForDeploymentPostprocessing = 0;
		};
/* End PBXFrameworksBuildPhase section */

/* Begin PBXGroup section */
		125BC1C425E2BB62008CA0CD = {
			isa = PBXGroup;
			children = (
				125BC1CF25E2BB62008CA0CD /* HotProspects */,
				125BC1CE25E2BB62008CA0CD /* Products */,
			);
			sourceTree = "<group>";
		};
		125BC1CE25E2BB62008CA0CD /* Products */ = {
			isa = PBXGroup;
			children = (
				125BC1CD25E2BB62008CA0CD /* HotProspects.app */,
			);
			name = Products;
			sourceTree = "<group>";
		};
		125BC1CF25E2BB62008CA0CD /* HotProspects */ = {
			isa = PBXGroup;
			children = (
				125BC1D025E2BB62008CA0CD /* AppDelegate.swift */,
				125BC1D225E2BB62008CA0CD /* SceneDelegate.swift */,
				125BC1D425E2BB62008CA0CD /* ContentView.swift */,
				125BC1D625E2BB68008CA0CD /* Assets.xcassets */,
				125BC1DB25E2BB68008CA0CD /* LaunchScreen.storyboard */,
				125BC1DE25E2BB68008CA0CD /* Info.plist */,
				125BC1D825E2BB68008CA0CD /* Preview Content */,
			);
			path = HotProspects;
			sourceTree = "<group>";
		};
		125BC1D825E2BB68008CA0CD /* Preview Content */ = {
			isa = PBXGroup;
			children = (
				125BC1D925E2BB68008CA0CD /* Preview Assets.xcassets */,
			);
			path = "Preview Content";
			sourceTree = "<group>";
		};
/* End PBXGroup section */

/* Begin PBXNativeTarget section */
		125BC1CC25E2BB62008CA0CD /* HotProspects */ = {
			isa = PBXNativeTarget;
			buildConfigurationList = 125BC1E125E2BB68008CA0CD /* Build configuration list for PBXNativeTarget "HotProspects" */;
			buildPhases = (
				125BC1C925E2BB62008CA0CD /* Sources */,
				125BC1CA25E2BB62008CA0CD /* Frameworks */,
				125BC1CB25E2BB62008CA0CD /* Resources */,
			);
			buildRules = (
			);
			dependencies = (
			);
			name = HotProspects;
			packageProductDependencies = (
				125BC1E525E7E7D5008CA0CD /* SamplePackage */,
			);
			productName = HotProspects;
			productReference = 125BC1CD25E2BB62008CA0CD /* HotProspects.app */;
			productType = "com.apple.product-type.application";
		};
/* End PBXNativeTarget section */

/* Begin PBXProject section */
		125BC1C525E2BB62008CA0CD /* Project object */ = {
			isa = PBXProject;
			attributes = {
				LastSwiftUpdateCheck = 1150;
				LastUpgradeCheck = 1150;
				ORGANIZATIONNAME = "varun bhoir";
				TargetAttributes = {
					125BC1CC25E2BB62008CA0CD = {
						CreatedOnToolsVersion = 11.5;
					};
				};
			};
			buildConfigurationList = 125BC1C825E2BB62008CA0CD /* Build configuration list for PBXProject "HotProspects" */;
			compatibilityVersion = "Xcode 9.3";
			developmentRegion = en;
			hasScannedForEncodings = 0;
			knownRegions = (
				en,
				Base,
			);
			mainGroup = 125BC1C425E2BB62008CA0CD;
			packageReferences = (
				125BC1E425E7E7D5008CA0CD /* XCRemoteSwiftPackageReference "SamplePackage" */,
			);
			productRefGroup = 125BC1CE25E2BB62008CA0CD /* Products */;
			projectDirPath = "";
			projectRoot = "";
			targets = (
				125BC1CC25E2BB62008CA0CD /* HotProspects */,
			);
		};
/* End PBXProject section */

/* Begin PBXResourcesBuildPhase section */
		125BC1CB25E2BB62008CA0CD /* Resources */ = {
			isa = PBXResourcesBuildPhase;
			buildActionMask = 2147483647;
			files = (
				125BC1DD25E2BB68008CA0CD /* LaunchScreen.storyboard in Resources */,
				125BC1DA25E2BB68008CA0CD /* Preview Assets.xcassets in Resources */,
				125BC1D725E2BB68008CA0CD /* Assets.xcassets in Resources */,
			);
			runOnlyForDeploymentPostprocessing = 0;
		};
/* End PBXResourcesBuildPhase section */

/* Begin PBXSourcesBuildPhase section */
		125BC1C925E2BB62008CA0CD /* Sources */ = {
			isa = PBXSourcesBuildPhase;
			buildActionMask = 2147483647;
			files = (
				125BC1D125E2BB62008CA0CD /* AppDelegate.swift in Sources */,
				125BC1D325E2BB62008CA0CD /* SceneDelegate.swift in Sources */,
				125BC1D525E2BB62008CA0CD /* ContentView.swift in Sources */,
			);
			runOnlyForDeploymentPostprocessing = 0;
		};
/* End PBXSourcesBuildPhase section */

/* Begin PBXVariantGroup section */
		125BC1DB25E2BB68008CA0CD /* LaunchScreen.storyboard */ = {
			isa = PBXVariantGroup;
			children = (
				125BC1DC25E2BB68008CA0CD /* Base */,
			);
			name = LaunchScreen.storyboard;
			sourceTree = "<group>";
		};
/* End PBXVariantGroup section */

/* Begin XCBuildConfiguration section */
		125BC1DF25E2BB68008CA0CD /* Debug */ = {
			isa = XCBuildConfiguration;
			buildSettings = {
				ALWAYS_SEARCH_USER_PATHS = NO;
				CLANG_ANALYZER_NONNULL = YES;
				CLANG_ANALYZER_NUMBER_OBJECT_CONVERSION = YES_AGGRESSIVE;
				CLANG_CXX_LANGUAGE_STANDARD = "gnu++14";
				CLANG_CXX_LIBRARY = "libc++";
				CLANG_ENABLE_MODULES = YES;
				CLANG_ENABLE_OBJC_ARC = YES;
				CLANG_ENABLE_OBJC_WEAK = YES;
				CLANG_WARN_BLOCK_CAPTURE_AUTORELEASING = YES;
				CLANG_WARN_BOOL_CONVERSION = YES;
				CLANG_WARN_COMMA = YES;
				CLANG_WARN_CONSTANT_CONVERSION = YES;
				CLANG_WARN_DEPRECATED_OBJC_IMPLEMENTATIONS = YES;
				CLANG_WARN_DIRECT_OBJC_ISA_USAGE = YES_ERROR;
				CLANG_WARN_DOCUMENTATION_COMMENTS = YES;
				CLANG_WARN_EMPTY_BODY = YES;
				CLANG_WARN_ENUM_CONVERSION = YES;
				CLANG_WARN_INFINITE_RECURSION = YES;
				CLANG_WARN_INT_CONVERSION = YES;
				CLANG_WARN_NON_LITERAL_NULL_CONVERSION = YES;
				CLANG_WARN_OBJC_IMPLICIT_RETAIN_SELF = YES;
				CLANG_WARN_OBJC_LITERAL_CONVERSION = YES;
				CLANG_WARN_OBJC_ROOT_CLASS = YES_ERROR;
				CLANG_WARN_RANGE_LOOP_ANALYSIS = YES;
				CLANG_WARN_STRICT_PROTOTYPES = YES;
				CLANG_WARN_SUSPICIOUS_MOVE = YES;
				CLANG_WARN_UNGUARDED_AVAILABILITY = YES_AGGRESSIVE;
				CLANG_WARN_UNREACHABLE_CODE = YES;
				CLANG_WARN__DUPLICATE_METHOD_MATCH = YES;
				COPY_PHASE_STRIP = NO;
				DEBUG_INFORMATION_FORMAT = dwarf;
				ENABLE_STRICT_OBJC_MSGSEND = YES;
				ENABLE_TESTABILITY = YES;
				GCC_C_LANGUAGE_STANDARD = gnu11;
				GCC_DYNAMIC_NO_PIC = NO;
				GCC_NO_COMMON_BLOCKS = YES;
				GCC_OPTIMIZATION_LEVEL = 0;
				GCC_PREPROCESSOR_DEFINITIONS = (
					"DEBUG=1",
					"$(inherited)",
				);
				GCC_WARN_64_TO_32_BIT_CONVERSION = YES;
				GCC_WARN_ABOUT_RETURN_TYPE = YES_ERROR;
				GCC_WARN_UNDECLARED_SELECTOR = YES;
				GCC_WARN_UNINITIALIZED_AUTOS = YES_AGGRESSIVE;
				GCC_WARN_UNUSED_FUNCTION = YES;
				GCC_WARN_UNUSED_VARIABLE = YES;
				IPHONEOS_DEPLOYMENT_TARGET = 13.5;
				MTL_ENABLE_DEBUG_INFO = INCLUDE_SOURCE;
				MTL_FAST_MATH = YES;
				ONLY_ACTIVE_ARCH = YES;
				SDKROOT = iphoneos;
				SWIFT_ACTIVE_COMPILATION_CONDITIONS = DEBUG;
				SWIFT_OPTIMIZATION_LEVEL = "-Onone";
			};
			name = Debug;
		};
		125BC1E025E2BB68008CA0CD /* Release */ = {
			isa = XCBuildConfiguration;
			buildSettings = {
				ALWAYS_SEARCH_USER_PATHS = NO;
				CLANG_ANALYZER_NONNULL = YES;
				CLANG_ANALYZER_NUMBER_OBJECT_CONVERSION = YES_AGGRESSIVE;
				CLANG_CXX_LANGUAGE_STANDARD = "gnu++14";
				CLANG_CXX_LIBRARY = "libc++";
				CLANG_ENABLE_MODULES = YES;
				CLANG_ENABLE_OBJC_ARC = YES;
				CLANG_ENABLE_OBJC_WEAK = YES;
				CLANG_WARN_BLOCK_CAPTURE_AUTORELEASING = YES;
				CLANG_WARN_BOOL_CONVERSION = YES;
				CLANG_WARN_COMMA = YES;
				CLANG_WARN_CONSTANT_CONVERSION = YES;
				CLANG_WARN_DEPRECATED_OBJC_IMPLEMENTATIONS = YES;
				CLANG_WARN_DIRECT_OBJC_ISA_USAGE = YES_ERROR;
				CLANG_WARN_DOCUMENTATION_COMMENTS = YES;
				CLANG_WARN_EMPTY_BODY = YES;
				CLANG_WARN_ENUM_CONVERSION = YES;
				CLANG_WARN_INFINITE_RECURSION = YES;
				CLANG_WARN_INT_CONVERSION = YES;
				CLANG_WARN_NON_LITERAL_NULL_CONVERSION = YES;
				CLANG_WARN_OBJC_IMPLICIT_RETAIN_SELF = YES;
				CLANG_WARN_OBJC_LITERAL_CONVERSION = YES;
				CLANG_WARN_OBJC_ROOT_CLASS = YES_ERROR;
				CLANG_WARN_RANGE_LOOP_ANALYSIS = YES;
				CLANG_WARN_STRICT_PROTOTYPES = YES;
				CLANG_WARN_SUSPICIOUS_MOVE = YES;
				CLANG_WARN_UNGUARDED_AVAILABILITY = YES_AGGRESSIVE;
				CLANG_WARN_UNREACHABLE_CODE = YES;
				CLANG_WARN__DUPLICATE_METHOD_MATCH = YES;
				COPY_PHASE_STRIP = NO;
				DEBUG_INFORMATION_FORMAT = "dwarf-with-dsym";
				ENABLE_NS_ASSERTIONS = NO;
				ENABLE_STRICT_OBJC_MSGSEND = YES;
				GCC_C_LANGUAGE_STANDARD = gnu11;
				GCC_NO_COMMON_BLOCKS = YES;
				GCC_WARN_64_TO_32_BIT_CONVERSION = YES;
				GCC_WARN_ABOUT_RETURN_TYPE = YES_ERROR;
				GCC_WARN_UNDECLARED_SELECTOR = YES;
				GCC_WARN_UNINITIALIZED_AUTOS = YES_AGGRESSIVE;
				GCC_WARN_UNUSED_FUNCTION = YES;
				GCC_WARN_UNUSED_VARIABLE = YES;
				IPHONEOS_DEPLOYMENT_TARGET = 13.5;
				MTL_ENABLE_DEBUG_INFO = NO;
				MTL_FAST_MATH = YES;
				SDKROOT = iphoneos;
				SWIFT_COMPILATION_MODE = wholemodule;
				SWIFT_OPTIMIZATION_LEVEL = "-O";
				VALIDATE_PRODUCT = YES;
			};
			name = Release;
		};
		125BC1E225E2BB68008CA0CD /* Debug */ = {
			isa = XCBuildConfiguration;
			buildSettings = {
				ASSETCATALOG_COMPILER_APPICON_NAME = AppIcon;
				CODE_SIGN_STYLE = Automatic;
				DEVELOPMENT_ASSET_PATHS = "\"HotProspects/Preview Content\"";
				DEVELOPMENT_TEAM = 895V8DXL3F;
				ENABLE_PREVIEWS = YES;
				INFOPLIST_FILE = HotProspects/Info.plist;
				LD_RUNPATH_SEARCH_PATHS = (
					"$(inherited)",
					"@executable_path/Frameworks",
				);
				PRODUCT_BUNDLE_IDENTIFIER = rutu.HotProspects;
				PRODUCT_NAME = "$(TARGET_NAME)";
				SWIFT_VERSION = 5.0;
				TARGETED_DEVICE_FAMILY = "1,2";
			};
			name = Debug;
		};
		125BC1E325E2BB68008CA0CD /* Release */ = {
			isa = XCBuildConfiguration;
			buildSettings = {
				ASSETCATALOG_COMPILER_APPICON_NAME = AppIcon;
				CODE_SIGN_STYLE = Automatic;
				DEVELOPMENT_ASSET_PATHS = "\"HotProspects/Preview Content\"";
				DEVELOPMENT_TEAM = 895V8DXL3F;
				ENABLE_PREVIEWS = YES;
				INFOPLIST_FILE = HotProspects/Info.plist;
				LD_RUNPATH_SEARCH_PATHS = (
					"$(inherited)",
					"@executable_path/Frameworks",
				);
				PRODUCT_BUNDLE_IDENTIFIER = rutu.HotProspects;
				PRODUCT_NAME = "$(TARGET_NAME)";
				SWIFT_VERSION = 5.0;
				TARGETED_DEVICE_FAMILY = "1,2";
			};
			name = Release;
		};
/* End XCBuildConfiguration section */

/* Begin XCConfigurationList section */
		125BC1C825E2BB62008CA0CD /* Build configuration list for PBXProject "HotProspects" */ = {
			isa = XCConfigurationList;
			buildConfigurations = (
				125BC1DF25E2BB68008CA0CD /* Debug */,
				125BC1E025E2BB68008CA0CD /* Release */,
			);
			defaultConfigurationIsVisible = 0;
			defaultConfigurationName = Release;
		};
		125BC1E125E2BB68008CA0CD /* Build configuration list for PBXNativeTarget "HotProspects" */ = {
			isa = XCConfigurationList;
			buildConfigurations = (
				125BC1E225E2BB68008CA0CD /* Debug */,
				125BC1E325E2BB68008CA0CD /* Release */,
			);
			defaultConfigurationIsVisible = 0;
			defaultConfigurationName = Release;
		};
/* End XCConfigurationList section */

/* Begin XCRemoteSwiftPackageReference section */
		125BC1E425E7E7D5008CA0CD /* XCRemoteSwiftPackageReference "SamplePackage" */ = {
			isa = XCRemoteSwiftPackageReference;
			repositoryURL = "https://github.com/twostraws/SamplePackage";
			requirement = {
				kind = upToNextMajorVersion;
				minimumVersion = 1.0.0;
			};
		};
/* End XCRemoteSwiftPackageReference section */

/* Begin XCSwiftPackageProductDependency section */
		125BC1E525E7E7D5008CA0CD /* SamplePackage */ = {
			isa = XCSwiftPackageProductDependency;
			package = 125BC1E425E7E7D5008CA0CD /* XCRemoteSwiftPackageReference "SamplePackage" */;
			productName = SamplePackage;
		};
/* End XCSwiftPackageProductDependency section */
	};
	rootObject = 125BC1C525E2BB62008CA0CD /* Project object */;
}
